
Microsoft Visual Studio Solution File, Format Version 12.00
# Visual Studio Version 16
VisualStudioVersion = 16.0.29806.167
MinimumVisualStudioVersion = 10.0.40219.1
Project("{888888A0-9F3D-457C-B088-3A5042F75D52}") = "Presentation code", "Presentation code.pyproj", "{0F6AB22E-4B0C-457C-9921-74903D56C75E}"
EndProject
Global
	GlobalSection(SolutionConfigurationPlatforms) = preSolution
		Debug|Any CPU = Debug|Any CPU
		Release|Any CPU = Release|Any CPU
	EndGlobalSection
	GlobalSection(ProjectConfigurationPlatforms) = postSolution
		{0F6AB22E-4B0C-457C-9921-74903D56C75E}.Debug|Any CPU.ActiveCfg = Debug|Any CPU
		{0F6AB22E-4B0C-457C-9921-74903D56C75E}.Release|Any CPU.ActiveCfg = Release|Any CPU
	EndGlobalSection
	GlobalSection(SolutionProperties) = preSolution
		HideSolutionNode = FALSE
	EndGlobalSection
	GlobalSection(ExtensibilityGlobals) = postSolution
		SolutionGuid = {45ADFA88-1936-4649-B345-8EBA633FB1ED}
	EndGlobalSection
EndGlobal
